{
  "name": "random-messages-rommel",
  "version": "1.0.1",
  "lockfileVersion": 2,
  "requires": true,
  "packages": {
    "": {
      "name": "random-messages-rommel",
      "version": "1.0.1",
      "license": "MIT",
      "dependencies": {
        "random-messages-rommel": "^1.0.1",
        "random-msg": "^1.0.0"
      },
      "bin": {
        "random-msg": "bin/global.js"
      }
    },
    "node_modules/random-messages-rommel": {
      "version": "1.0.1",
      "resolved": "https://registry.npmjs.org/random-messages-rommel/-/random-messages-rommel-1.0.1.tgz",
      "integrity": "sha512-JRpBiy3pQnDuuXVycZceHlthsdysSvH6pMkbFBi/31yOfjJD/JgPnVXZs6dFirF+sAiX/s2X+8IZeuQGWlxNTw==",
      "bin": {
        "random-msg": "bin/global.js"
      }
    },
    "node_modules/random-msg": {
      "version": "1.0.0",
      "resolved": "https://registry.npmjs.org/random-msg/-/random-msg-1.0.0.tgz",
      "integrity": "sha512-iG6lAIaNvzttGWZP602mYmm44596lxar+k/M5zn3tPDjN4v342M/g0+923zu4acOOeR+xr1WbEUC7s8g7Wdztw==",
      "bin": {
        "random-messages": "bin/global.js"
      }
    }
  },
  "dependencies": {
    "random-messages-rommel": {
      "version": "1.0.1",
      "resolved": "https://registry.npmjs.org/random-messages-rommel/-/random-messages-rommel-1.0.1.tgz",
      "integrity": "sha512-JRpBiy3pQnDuuXVycZceHlthsdysSvH6pMkbFBi/31yOfjJD/JgPnVXZs6dFirF+sAiX/s2X+8IZeuQGWlxNTw=="
    },
    "random-msg": {
      "version": "1.0.0",
      "resolved": "https://registry.npmjs.org/random-msg/-/random-msg-1.0.0.tgz",
      "integrity": "sha512-iG6lAIaNvzttGWZP602mYmm44596lxar+k/M5zn3tPDjN4v342M/g0+923zu4acOOeR+xr1WbEUC7s8g7Wdztw=="
    }
  }
}
